
Microsoft Visual Studio Solution File, Format Version 12.00
# Visual Studio Version 17
VisualStudioVersion = 17.7.34221.43
MinimumVisualStudioVersion = 10.0.40219.1
Project("{FAE04EC0-301F-11D3-BF4B-00C04F79EFBC}") = "MoneyMaqschine_20231026", "MoneyMaqschine_20231026.csproj", "{3050CB55-8809-4FDD-99A0-ABB473AE8612}"
EndProject
Global
	GlobalSection(SolutionConfigurationPlatforms) = preSolution
		Debug|Any CPU = Debug|Any CPU
		Release|Any CPU = Release|Any CPU
	EndGlobalSection
	GlobalSection(ProjectConfigurationPlatforms) = postSolution
		{3050CB55-8809-4FDD-99A0-ABB473AE8612}.Debug|Any CPU.ActiveCfg = Debug|Any CPU
		{3050CB55-8809-4FDD-99A0-ABB473AE8612}.Debug|Any CPU.Build.0 = Debug|Any CPU
		{3050CB55-8809-4FDD-99A0-ABB473AE8612}.Release|Any CPU.ActiveCfg = Release|Any CPU
		{3050CB55-8809-4FDD-99A0-ABB473AE8612}.Release|Any CPU.Build.0 = Release|Any CPU
	EndGlobalSection
	GlobalSection(SolutionProperties) = preSolution
		HideSolutionNode = FALSE
	EndGlobalSection
	GlobalSection(ExtensibilityGlobals) = postSolution
		SolutionGuid = {6BBAA674-8139-465E-80B8-A6E73B7C84D5}
	EndGlobalSection
EndGlobal
